// !$*UTF8*$!
{
	archiveVersion = 1;
	classes = {
	};
	objectVersion = 48;
	objects = {

/* Begin PBXBuildFile section */
		ABAA1A57203633DB005AF451 /* AppDelegate.swift in Sources */ = {isa = PBXBuildFile; fileRef = ABAA1A56203633DB005AF451 /* AppDelegate.swift */; };
		ABAA1A5E203633DB005AF451 /* Assets.xcassets in Resources */ = {isa = PBXBuildFile; fileRef = ABAA1A5D203633DB005AF451 /* Assets.xcassets */; };
		ABAA1A61203633DB005AF451 /* LaunchScreen.storyboard in Resources */ = {isa = PBXBuildFile; fileRef = ABAA1A5F203633DB005AF451 /* LaunchScreen.storyboard */; };
		ABAA1A6B20363548005AF451 /* RootViewController.swift in Sources */ = {isa = PBXBuildFile; fileRef = ABAA1A6A20363548005AF451 /* RootViewController.swift */; };
		ABAA1A6F2036371E005AF451 /* FirstFlowController.swift in Sources */ = {isa = PBXBuildFile; fileRef = ABAA1A6E2036371E005AF451 /* FirstFlowController.swift */; };
		ABAA1A7320364690005AF451 /* FirstViewController.swift in Sources */ = {isa = PBXBuildFile; fileRef = ABAA1A7220364690005AF451 /* FirstViewController.swift */; };
		ABAA1A752036469D005AF451 /* FirstViewController.storyboard in Resources */ = {isa = PBXBuildFile; fileRef = ABAA1A742036469D005AF451 /* FirstViewController.storyboard */; };
		ABAA1A7D2036475E005AF451 /* StoryboardLoadable.swift in Sources */ = {isa = PBXBuildFile; fileRef = ABAA1A782036475E005AF451 /* StoryboardLoadable.swift */; };
		ABAA1A7F2036475E005AF451 /* AlertShowable.swift in Sources */ = {isa = PBXBuildFile; fileRef = ABAA1A7A2036475E005AF451 /* AlertShowable.swift */; };
		ABAA1A88203647DD005AF451 /* Result.swift in Sources */ = {isa = PBXBuildFile; fileRef = ABAA1A84203647DD005AF451 /* Result.swift */; };
		ABAA1A89203647DD005AF451 /* Storyboard.swift in Sources */ = {isa = PBXBuildFile; fileRef = ABAA1A85203647DD005AF451 /* Storyboard.swift */; };
		ABAA1A8A203647DD005AF451 /* Errors.swift in Sources */ = {isa = PBXBuildFile; fileRef = ABAA1A86203647DD005AF451 /* Errors.swift */; };
		ABAA1A8C2036483D005AF451 /* FirstViewModel.swift in Sources */ = {isa = PBXBuildFile; fileRef = ABAA1A8B2036483D005AF451 /* FirstViewModel.swift */; };
		ABAA1A8F20364A3F005AF451 /* User.swift in Sources */ = {isa = PBXBuildFile; fileRef = ABAA1A8E20364A3F005AF451 /* User.swift */; };
		ABAA1A9220364B9B005AF451 /* SecondFlowController.swift in Sources */ = {isa = PBXBuildFile; fileRef = ABAA1A9120364B9B005AF451 /* SecondFlowController.swift */; };
		ABAA1A9420364DB4005AF451 /* SecondViewController.swift in Sources */ = {isa = PBXBuildFile; fileRef = ABAA1A9320364DB4005AF451 /* SecondViewController.swift */; };
		ABAA1A9620364DC9005AF451 /* SecondViewController.storyboard in Resources */ = {isa = PBXBuildFile; fileRef = ABAA1A9520364DC9005AF451 /* SecondViewController.storyboard */; };
		ABAA1A9820364E17005AF451 /* SecondViewModel.swift in Sources */ = {isa = PBXBuildFile; fileRef = ABAA1A9720364E17005AF451 /* SecondViewModel.swift */; };
		ABAA1A9F203653B9005AF451 /* Device.swift in Sources */ = {isa = PBXBuildFile; fileRef = ABAA1A9E203653B9005AF451 /* Device.swift */; };
		ABAA1AA22036576F005AF451 /* UIViewController+Extensions.swift in Sources */ = {isa = PBXBuildFile; fileRef = ABAA1AA12036576F005AF451 /* UIViewController+Extensions.swift */; };
		ABAA1AA5203667FE005AF451 /* FirstNextViewController.swift in Sources */ = {isa = PBXBuildFile; fileRef = ABAA1AA4203667FE005AF451 /* FirstNextViewController.swift */; };
		ABAA1AA720366809005AF451 /* FirstNextViewController.storyboard in Resources */ = {isa = PBXBuildFile; fileRef = ABAA1AA620366809005AF451 /* FirstNextViewController.storyboard */; };
		ABAA1AA9203668C9005AF451 /* FirstNextViewModel.swift in Sources */ = {isa = PBXBuildFile; fileRef = ABAA1AA8203668C9005AF451 /* FirstNextViewModel.swift */; };
		ABBBB1C62038FD070081ECB5 /* ErrorMatcher.swift in Sources */ = {isa = PBXBuildFile; fileRef = ABBBB1C22038FD070081ECB5 /* ErrorMatcher.swift */; };
		ABBBB1C72038FD070081ECB5 /* ErrorHandler.swift in Sources */ = {isa = PBXBuildFile; fileRef = ABBBB1C32038FD070081ECB5 /* ErrorHandler.swift */; };
		ABBBB1C82038FD070081ECB5 /* DefaultErrorHandler.swift in Sources */ = {isa = PBXBuildFile; fileRef = ABBBB1C42038FD070081ECB5 /* DefaultErrorHandler.swift */; };
		ABBBB1C92038FD070081ECB5 /* NSErrorMatcher.swift in Sources */ = {isa = PBXBuildFile; fileRef = ABBBB1C52038FD070081ECB5 /* NSErrorMatcher.swift */; };
		ABBBB1CC2038FEE10081ECB5 /* AlertManager.swift in Sources */ = {isa = PBXBuildFile; fileRef = ABBBB1CB2038FEE10081ECB5 /* AlertManager.swift */; };
		ABDA284D20379FD6009DA1E1 /* ApiClient.swift in Sources */ = {isa = PBXBuildFile; fileRef = ABDA284C20379FD6009DA1E1 /* ApiClient.swift */; };
/* End PBXBuildFile section */

/* Begin PBXFileReference section */
		ABAA1A53203633DB005AF451 /* ErrorHandlerSample.app */ = {isa = PBXFileReference; explicitFileType = wrapper.application; includeInIndex = 0; path = ErrorHandlerSample.app; sourceTree = BUILT_PRODUCTS_DIR; };
		ABAA1A56203633DB005AF451 /* AppDelegate.swift */ = {isa = PBXFileReference; lastKnownFileType = sourcecode.swift; path = AppDelegate.swift; sourceTree = "<group>"; };
		ABAA1A5D203633DB005AF451 /* Assets.xcassets */ = {isa = PBXFileReference; lastKnownFileType = folder.assetcatalog; path = Assets.xcassets; sourceTree = "<group>"; };
		ABAA1A60203633DB005AF451 /* Base */ = {isa = PBXFileReference; lastKnownFileType = file.storyboard; name = Base; path = Base.lproj/LaunchScreen.storyboard; sourceTree = "<group>"; };
		ABAA1A62203633DB005AF451 /* Info.plist */ = {isa = PBXFileReference; lastKnownFileType = text.plist.xml; path = Info.plist; sourceTree = "<group>"; };
		ABAA1A6A20363548005AF451 /* RootViewController.swift */ = {isa = PBXFileReference; lastKnownFileType = sourcecode.swift; path = RootViewController.swift; sourceTree = "<group>"; };
		ABAA1A6E2036371E005AF451 /* FirstFlowController.swift */ = {isa = PBXFileReference; lastKnownFileType = sourcecode.swift; path = FirstFlowController.swift; sourceTree = "<group>"; };
		ABAA1A7220364690005AF451 /* FirstViewController.swift */ = {isa = PBXFileReference; lastKnownFileType = sourcecode.swift; path = FirstViewController.swift; sourceTree = "<group>"; };
		ABAA1A742036469D005AF451 /* FirstViewController.storyboard */ = {isa = PBXFileReference; lastKnownFileType = file.storyboard; path = FirstViewController.storyboard; sourceTree = "<group>"; };
		ABAA1A782036475E005AF451 /* StoryboardLoadable.swift */ = {isa = PBXFileReference; fileEncoding = 4; lastKnownFileType = sourcecode.swift; path = StoryboardLoadable.swift; sourceTree = "<group>"; };
		ABAA1A7A2036475E005AF451 /* AlertShowable.swift */ = {isa = PBXFileReference; fileEncoding = 4; lastKnownFileType = sourcecode.swift; path = AlertShowable.swift; sourceTree = "<group>"; };
		ABAA1A84203647DD005AF451 /* Result.swift */ = {isa = PBXFileReference; fileEncoding = 4; lastKnownFileType = sourcecode.swift; path = Result.swift; sourceTree = "<group>"; };
		ABAA1A85203647DD005AF451 /* Storyboard.swift */ = {isa = PBXFileReference; fileEncoding = 4; lastKnownFileType = sourcecode.swift; path = Storyboard.swift; sourceTree = "<group>"; };
		ABAA1A86203647DD005AF451 /* Errors.swift */ = {isa = PBXFileReference; fileEncoding = 4; lastKnownFileType = sourcecode.swift; path = Errors.swift; sourceTree = "<group>"; };
		ABAA1A8B2036483D005AF451 /* FirstViewModel.swift */ = {isa = PBXFileReference; lastKnownFileType = sourcecode.swift; path = FirstViewModel.swift; sourceTree = "<group>"; };
		ABAA1A8E20364A3F005AF451 /* User.swift */ = {isa = PBXFileReference; lastKnownFileType = sourcecode.swift; path = User.swift; sourceTree = "<group>"; };
		ABAA1A9120364B9B005AF451 /* SecondFlowController.swift */ = {isa = PBXFileReference; lastKnownFileType = sourcecode.swift; path = SecondFlowController.swift; sourceTree = "<group>"; };
		ABAA1A9320364DB4005AF451 /* SecondViewController.swift */ = {isa = PBXFileReference; lastKnownFileType = sourcecode.swift; path = SecondViewController.swift; sourceTree = "<group>"; };
		ABAA1A9520364DC9005AF451 /* SecondViewController.storyboard */ = {isa = PBXFileReference; lastKnownFileType = file.storyboard; path = SecondViewController.storyboard; sourceTree = "<group>"; };
		ABAA1A9720364E17005AF451 /* SecondViewModel.swift */ = {isa = PBXFileReference; lastKnownFileType = sourcecode.swift; path = SecondViewModel.swift; sourceTree = "<group>"; };
		ABAA1A9E203653B9005AF451 /* Device.swift */ = {isa = PBXFileReference; fileEncoding = 4; lastKnownFileType = sourcecode.swift; path = Device.swift; sourceTree = "<group>"; };
		ABAA1AA12036576F005AF451 /* UIViewController+Extensions.swift */ = {isa = PBXFileReference; fileEncoding = 4; lastKnownFileType = sourcecode.swift; path = "UIViewController+Extensions.swift"; sourceTree = "<group>"; };
		ABAA1AA4203667FE005AF451 /* FirstNextViewController.swift */ = {isa = PBXFileReference; lastKnownFileType = sourcecode.swift; path = FirstNextViewController.swift; sourceTree = "<group>"; };
		ABAA1AA620366809005AF451 /* FirstNextViewController.storyboard */ = {isa = PBXFileReference; lastKnownFileType = file.storyboard; path = FirstNextViewController.storyboard; sourceTree = "<group>"; };
		ABAA1AA8203668C9005AF451 /* FirstNextViewModel.swift */ = {isa = PBXFileReference; lastKnownFileType = sourcecode.swift; path = FirstNextViewModel.swift; sourceTree = "<group>"; };
		ABBBB1C22038FD070081ECB5 /* ErrorMatcher.swift */ = {isa = PBXFileReference; fileEncoding = 4; lastKnownFileType = sourcecode.swift; path = ErrorMatcher.swift; sourceTree = "<group>"; };
		ABBBB1C32038FD070081ECB5 /* ErrorHandler.swift */ = {isa = PBXFileReference; fileEncoding = 4; lastKnownFileType = sourcecode.swift; path = ErrorHandler.swift; sourceTree = "<group>"; };
		ABBBB1C42038FD070081ECB5 /* DefaultErrorHandler.swift */ = {isa = PBXFileReference; fileEncoding = 4; lastKnownFileType = sourcecode.swift; path = DefaultErrorHandler.swift; sourceTree = "<group>"; };
		ABBBB1C52038FD070081ECB5 /* NSErrorMatcher.swift */ = {isa = PBXFileReference; fileEncoding = 4; lastKnownFileType = sourcecode.swift; path = NSErrorMatcher.swift; sourceTree = "<group>"; };
		ABBBB1CB2038FEE10081ECB5 /* AlertManager.swift */ = {isa = PBXFileReference; fileEncoding = 4; lastKnownFileType = sourcecode.swift; path = AlertManager.swift; sourceTree = "<group>"; };
		ABDA284C20379FD6009DA1E1 /* ApiClient.swift */ = {isa = PBXFileReference; lastKnownFileType = sourcecode.swift; path = ApiClient.swift; sourceTree = "<group>"; };
/* End PBXFileReference section */

/* Begin PBXFrameworksBuildPhase section */
		ABAA1A50203633DB005AF451 /* Frameworks */ = {
			isa = PBXFrameworksBuildPhase;
			buildActionMask = 2147483647;
			files = (
			);
			runOnlyForDeploymentPostprocessing = 0;
		};
/* End PBXFrameworksBuildPhase section */

/* Begin PBXGroup section */
		ABAA1A4A203633DB005AF451 = {
			isa = PBXGroup;
			children = (
				ABAA1A55203633DB005AF451 /* ErrorHandlerSample */,
				ABAA1A54203633DB005AF451 /* Products */,
			);
			sourceTree = "<group>";
		};
		ABAA1A54203633DB005AF451 /* Products */ = {
			isa = PBXGroup;
			children = (
				ABAA1A53203633DB005AF451 /* ErrorHandlerSample.app */,
			);
			name = Products;
			sourceTree = "<group>";
		};
		ABAA1A55203633DB005AF451 /* ErrorHandlerSample */ = {
			isa = PBXGroup;
			children = (
				ABBBB1CA2038FEE10081ECB5 /* Views */,
				ABBBB1C12038FD070081ECB5 /* ErrorHandler */,
				ABAA1AA020365761005AF451 /* Extensions */,
				ABAA1A9020364B64005AF451 /* Second */,
				ABAA1A8D20364A1C005AF451 /* Models */,
				ABAA1A82203647DD005AF451 /* Enums */,
				ABAA1A772036475E005AF451 /* Protocols */,
				ABAA1A7620364734005AF451 /* First */,
				ABAA1A56203633DB005AF451 /* AppDelegate.swift */,
				ABAA1A5D203633DB005AF451 /* Assets.xcassets */,
				ABAA1A5F203633DB005AF451 /* LaunchScreen.storyboard */,
				ABAA1A62203633DB005AF451 /* Info.plist */,
				ABAA1A6A20363548005AF451 /* RootViewController.swift */,
				ABDA284C20379FD6009DA1E1 /* ApiClient.swift */,
			);
			path = ErrorHandlerSample;
			sourceTree = "<group>";
		};
		ABAA1A7620364734005AF451 /* First */ = {
			isa = PBXGroup;
			children = (
				ABAA1AA3203667E4005AF451 /* Next */,
				ABAA1A6E2036371E005AF451 /* FirstFlowController.swift */,
				ABAA1A7220364690005AF451 /* FirstViewController.swift */,
				ABAA1A742036469D005AF451 /* FirstViewController.storyboard */,
				ABAA1A8B2036483D005AF451 /* FirstViewModel.swift */,
			);
			path = First;
			sourceTree = "<group>";
		};
		ABAA1A772036475E005AF451 /* Protocols */ = {
			isa = PBXGroup;
			children = (
				ABAA1A782036475E005AF451 /* StoryboardLoadable.swift */,
				ABAA1A7A2036475E005AF451 /* AlertShowable.swift */,
			);
			path = Protocols;
			sourceTree = "<group>";
		};
		ABAA1A82203647DD005AF451 /* Enums */ = {
			isa = PBXGroup;
			children = (
				ABAA1A9E203653B9005AF451 /* Device.swift */,
				ABAA1A84203647DD005AF451 /* Result.swift */,
				ABAA1A85203647DD005AF451 /* Storyboard.swift */,
				ABAA1A86203647DD005AF451 /* Errors.swift */,
			);
			path = Enums;
			sourceTree = "<group>";
		};
		ABAA1A8D20364A1C005AF451 /* Models */ = {
			isa = PBXGroup;
			children = (
				ABAA1A8E20364A3F005AF451 /* User.swift */,
			);
			path = Models;
			sourceTree = "<group>";
		};
		ABAA1A9020364B64005AF451 /* Second */ = {
			isa = PBXGroup;
			children = (
				ABAA1A9120364B9B005AF451 /* SecondFlowController.swift */,
				ABAA1A9320364DB4005AF451 /* SecondViewController.swift */,
				ABAA1A9520364DC9005AF451 /* SecondViewController.storyboard */,
				ABAA1A9720364E17005AF451 /* SecondViewModel.swift */,
			);
			path = Second;
			sourceTree = "<group>";
		};
		ABAA1AA020365761005AF451 /* Extensions */ = {
			isa = PBXGroup;
			children = (
				ABAA1AA12036576F005AF451 /* UIViewController+Extensions.swift */,
			);
			path = Extensions;
			sourceTree = "<group>";
		};
		ABAA1AA3203667E4005AF451 /* Next */ = {
			isa = PBXGroup;
			children = (
				ABAA1AA4203667FE005AF451 /* FirstNextViewController.swift */,
				ABAA1AA620366809005AF451 /* FirstNextViewController.storyboard */,
				ABAA1AA8203668C9005AF451 /* FirstNextViewModel.swift */,
			);
			path = Next;
			sourceTree = "<group>";
		};
		ABBBB1C12038FD070081ECB5 /* ErrorHandler */ = {
			isa = PBXGroup;
			children = (
				ABBBB1C22038FD070081ECB5 /* ErrorMatcher.swift */,
				ABBBB1C32038FD070081ECB5 /* ErrorHandler.swift */,
				ABBBB1C42038FD070081ECB5 /* DefaultErrorHandler.swift */,
				ABBBB1C52038FD070081ECB5 /* NSErrorMatcher.swift */,
			);
			path = ErrorHandler;
			sourceTree = "<group>";
		};
		ABBBB1CA2038FEE10081ECB5 /* Views */ = {
			isa = PBXGroup;
			children = (
				ABBBB1CB2038FEE10081ECB5 /* AlertManager.swift */,
			);
			path = Views;
			sourceTree = "<group>";
		};
/* End PBXGroup section */

/* Begin PBXNativeTarget section */
		ABAA1A52203633DB005AF451 /* ErrorHandlerSample */ = {
			isa = PBXNativeTarget;
			buildConfigurationList = ABAA1A65203633DB005AF451 /* Build configuration list for PBXNativeTarget "ErrorHandlerSample" */;
			buildPhases = (
				ABAA1A4F203633DB005AF451 /* Sources */,
				ABAA1A50203633DB005AF451 /* Frameworks */,
				ABAA1A51203633DB005AF451 /* Resources */,
			);
			buildRules = (
			);
			dependencies = (
			);
			name = ErrorHandlerSample;
			productName = ErrorHandlerSample;
			productReference = ABAA1A53203633DB005AF451 /* ErrorHandlerSample.app */;
			productType = "com.apple.product-type.application";
		};
/* End PBXNativeTarget section */

/* Begin PBXProject section */
		ABAA1A4B203633DB005AF451 /* Project object */ = {
			isa = PBXProject;
			attributes = {
				LastSwiftUpdateCheck = 0920;
				LastUpgradeCheck = 0920;
				ORGANIZATIONNAME = sztk;
				TargetAttributes = {
					ABAA1A52203633DB005AF451 = {
						CreatedOnToolsVersion = 9.2;
						ProvisioningStyle = Automatic;
					};
				};
			};
			buildConfigurationList = ABAA1A4E203633DB005AF451 /* Build configuration list for PBXProject "ErrorHandlerSample" */;
			compatibilityVersion = "Xcode 8.0";
			developmentRegion = en;
			hasScannedForEncodings = 0;
			knownRegions = (
				en,
				Base,
			);
			mainGroup = ABAA1A4A203633DB005AF451;
			productRefGroup = ABAA1A54203633DB005AF451 /* Products */;
			projectDirPath = "";
			projectRoot = "";
			targets = (
				ABAA1A52203633DB005AF451 /* ErrorHandlerSample */,
			);
		};
/* End PBXProject section */

/* Begin PBXResourcesBuildPhase section */
		ABAA1A51203633DB005AF451 /* Resources */ = {
			isa = PBXResourcesBuildPhase;
			buildActionMask = 2147483647;
			files = (
				ABAA1A752036469D005AF451 /* FirstViewController.storyboard in Resources */,
				ABAA1A61203633DB005AF451 /* LaunchScreen.storyboard in Resources */,
				ABAA1A9620364DC9005AF451 /* SecondViewController.storyboard in Resources */,
				ABAA1AA720366809005AF451 /* FirstNextViewController.storyboard in Resources */,
				ABAA1A5E203633DB005AF451 /* Assets.xcassets in Resources */,
			);
			runOnlyForDeploymentPostprocessing = 0;
		};
/* End PBXResourcesBuildPhase section */

/* Begin PBXSourcesBuildPhase section */
		ABAA1A4F203633DB005AF451 /* Sources */ = {
			isa = PBXSourcesBuildPhase;
			buildActionMask = 2147483647;
			files = (
				ABAA1AA22036576F005AF451 /* UIViewController+Extensions.swift in Sources */,
				ABBBB1C82038FD070081ECB5 /* DefaultErrorHandler.swift in Sources */,
				ABAA1A7D2036475E005AF451 /* StoryboardLoadable.swift in Sources */,
				ABAA1A89203647DD005AF451 /* Storyboard.swift in Sources */,
				ABAA1A6F2036371E005AF451 /* FirstFlowController.swift in Sources */,
				ABAA1A9420364DB4005AF451 /* SecondViewController.swift in Sources */,
				ABAA1AA9203668C9005AF451 /* FirstNextViewModel.swift in Sources */,
				ABAA1A8C2036483D005AF451 /* FirstViewModel.swift in Sources */,
				ABBBB1CC2038FEE10081ECB5 /* AlertManager.swift in Sources */,
				ABAA1A8A203647DD005AF451 /* Errors.swift in Sources */,
				ABAA1A9820364E17005AF451 /* SecondViewModel.swift in Sources */,
				ABBBB1C72038FD070081ECB5 /* ErrorHandler.swift in Sources */,
				ABAA1A8F20364A3F005AF451 /* User.swift in Sources */,
				ABAA1A9F203653B9005AF451 /* Device.swift in Sources */,
				ABAA1A88203647DD005AF451 /* Result.swift in Sources */,
				ABAA1AA5203667FE005AF451 /* FirstNextViewController.swift in Sources */,
				ABAA1A6B20363548005AF451 /* RootViewController.swift in Sources */,
				ABBBB1C92038FD070081ECB5 /* NSErrorMatcher.swift in Sources */,
				ABBBB1C62038FD070081ECB5 /* ErrorMatcher.swift in Sources */,
				ABAA1A7F2036475E005AF451 /* AlertShowable.swift in Sources */,
				ABDA284D20379FD6009DA1E1 /* ApiClient.swift in Sources */,
				ABAA1A9220364B9B005AF451 /* SecondFlowController.swift in Sources */,
				ABAA1A57203633DB005AF451 /* AppDelegate.swift in Sources */,
				ABAA1A7320364690005AF451 /* FirstViewController.swift in Sources */,
			);
			runOnlyForDeploymentPostprocessing = 0;
		};
/* End PBXSourcesBuildPhase section */

/* Begin PBXVariantGroup section */
		ABAA1A5F203633DB005AF451 /* LaunchScreen.storyboard */ = {
			isa = PBXVariantGroup;
			children = (
				ABAA1A60203633DB005AF451 /* Base */,
			);
			name = LaunchScreen.storyboard;
			sourceTree = "<group>";
		};
/* End PBXVariantGroup section */

/* Begin XCBuildConfiguration section */
		ABAA1A63203633DB005AF451 /* Debug */ = {
			isa = XCBuildConfiguration;
			buildSettings = {
				ALWAYS_SEARCH_USER_PATHS = NO;
				CLANG_ANALYZER_NONNULL = YES;
				CLANG_ANALYZER_NUMBER_OBJECT_CONVERSION = YES_AGGRESSIVE;
				CLANG_CXX_LANGUAGE_STANDARD = "gnu++14";
				CLANG_CXX_LIBRARY = "libc++";
				CLANG_ENABLE_MODULES = YES;
				CLANG_ENABLE_OBJC_ARC = YES;
				CLANG_WARN_BLOCK_CAPTURE_AUTORELEASING = YES;
				CLANG_WARN_BOOL_CONVERSION = YES;
				CLANG_WARN_COMMA = YES;
				CLANG_WARN_CONSTANT_CONVERSION = YES;
				CLANG_WARN_DIRECT_OBJC_ISA_USAGE = YES_ERROR;
				CLANG_WARN_DOCUMENTATION_COMMENTS = YES;
				CLANG_WARN_EMPTY_BODY = YES;
				CLANG_WARN_ENUM_CONVERSION = YES;
				CLANG_WARN_INFINITE_RECURSION = YES;
				CLANG_WARN_INT_CONVERSION = YES;
				CLANG_WARN_NON_LITERAL_NULL_CONVERSION = YES;
				CLANG_WARN_OBJC_LITERAL_CONVERSION = YES;
				CLANG_WARN_OBJC_ROOT_CLASS = YES_ERROR;
				CLANG_WARN_RANGE_LOOP_ANALYSIS = YES;
				CLANG_WARN_STRICT_PROTOTYPES = YES;
				CLANG_WARN_SUSPICIOUS_MOVE = YES;
				CLANG_WARN_UNGUARDED_AVAILABILITY = YES_AGGRESSIVE;
				CLANG_WARN_UNREACHABLE_CODE = YES;
				CLANG_WARN__DUPLICATE_METHOD_MATCH = YES;
				CODE_SIGN_IDENTITY = "iPhone Developer";
				COPY_PHASE_STRIP = NO;
				DEBUG_INFORMATION_FORMAT = dwarf;
				ENABLE_STRICT_OBJC_MSGSEND = YES;
				ENABLE_TESTABILITY = YES;
				GCC_C_LANGUAGE_STANDARD = gnu11;
				GCC_DYNAMIC_NO_PIC = NO;
				GCC_NO_COMMON_BLOCKS = YES;
				GCC_OPTIMIZATION_LEVEL = 0;
				GCC_PREPROCESSOR_DEFINITIONS = (
					"DEBUG=1",
					"$(inherited)",
				);
				GCC_WARN_64_TO_32_BIT_CONVERSION = YES;
				GCC_WARN_ABOUT_RETURN_TYPE = YES_ERROR;
				GCC_WARN_UNDECLARED_SELECTOR = YES;
				GCC_WARN_UNINITIALIZED_AUTOS = YES_AGGRESSIVE;
				GCC_WARN_UNUSED_FUNCTION = YES;
				GCC_WARN_UNUSED_VARIABLE = YES;
				IPHONEOS_DEPLOYMENT_TARGET = 11.2;
				MTL_ENABLE_DEBUG_INFO = YES;
				ONLY_ACTIVE_ARCH = YES;
				SDKROOT = iphoneos;
				SWIFT_ACTIVE_COMPILATION_CONDITIONS = DEBUG;
				SWIFT_OPTIMIZATION_LEVEL = "-Onone";
			};
			name = Debug;
		};
		ABAA1A64203633DB005AF451 /* Release */ = {
			isa = XCBuildConfiguration;
			buildSettings = {
				ALWAYS_SEARCH_USER_PATHS = NO;
				CLANG_ANALYZER_NONNULL = YES;
				CLANG_ANALYZER_NUMBER_OBJECT_CONVERSION = YES_AGGRESSIVE;
				CLANG_CXX_LANGUAGE_STANDARD = "gnu++14";
				CLANG_CXX_LIBRARY = "libc++";
				CLANG_ENABLE_MODULES = YES;
				CLANG_ENABLE_OBJC_ARC = YES;
				CLANG_WARN_BLOCK_CAPTURE_AUTORELEASING = YES;
				CLANG_WARN_BOOL_CONVERSION = YES;
				CLANG_WARN_COMMA = YES;
				CLANG_WARN_CONSTANT_CONVERSION = YES;
				CLANG_WARN_DIRECT_OBJC_ISA_USAGE = YES_ERROR;
				CLANG_WARN_DOCUMENTATION_COMMENTS = YES;
				CLANG_WARN_EMPTY_BODY = YES;
				CLANG_WARN_ENUM_CONVERSION = YES;
				CLANG_WARN_INFINITE_RECURSION = YES;
				CLANG_WARN_INT_CONVERSION = YES;
				CLANG_WARN_NON_LITERAL_NULL_CONVERSION = YES;
				CLANG_WARN_OBJC_LITERAL_CONVERSION = YES;
				CLANG_WARN_OBJC_ROOT_CLASS = YES_ERROR;
				CLANG_WARN_RANGE_LOOP_ANALYSIS = YES;
				CLANG_WARN_STRICT_PROTOTYPES = YES;
				CLANG_WARN_SUSPICIOUS_MOVE = YES;
				CLANG_WARN_UNGUARDED_AVAILABILITY = YES_AGGRESSIVE;
				CLANG_WARN_UNREACHABLE_CODE = YES;
				CLANG_WARN__DUPLICATE_METHOD_MATCH = YES;
				CODE_SIGN_IDENTITY = "iPhone Developer";
				COPY_PHASE_STRIP = NO;
				DEBUG_INFORMATION_FORMAT = "dwarf-with-dsym";
				ENABLE_NS_ASSERTIONS = NO;
				ENABLE_STRICT_OBJC_MSGSEND = YES;
				GCC_C_LANGUAGE_STANDARD = gnu11;
				GCC_NO_COMMON_BLOCKS = YES;
				GCC_WARN_64_TO_32_BIT_CONVERSION = YES;
				GCC_WARN_ABOUT_RETURN_TYPE = YES_ERROR;
				GCC_WARN_UNDECLARED_SELECTOR = YES;
				GCC_WARN_UNINITIALIZED_AUTOS = YES_AGGRESSIVE;
				GCC_WARN_UNUSED_FUNCTION = YES;
				GCC_WARN_UNUSED_VARIABLE = YES;
				IPHONEOS_DEPLOYMENT_TARGET = 11.2;
				MTL_ENABLE_DEBUG_INFO = NO;
				SDKROOT = iphoneos;
				SWIFT_OPTIMIZATION_LEVEL = "-Owholemodule";
				VALIDATE_PRODUCT = YES;
			};
			name = Release;
		};
		ABAA1A66203633DB005AF451 /* Debug */ = {
			isa = XCBuildConfiguration;
			buildSettings = {
				ASSETCATALOG_COMPILER_APPICON_NAME = AppIcon;
				CODE_SIGN_STYLE = Automatic;
				DEVELOPMENT_TEAM = DQCWCUF4A4;
				INFOPLIST_FILE = ErrorHandlerSample/Info.plist;
				LD_RUNPATH_SEARCH_PATHS = "$(inherited) @executable_path/Frameworks";
				PRODUCT_BUNDLE_IDENTIFIER = sztk.sample.ErrorHandlerSample;
				PRODUCT_NAME = "$(TARGET_NAME)";
				SWIFT_VERSION = 4.0;
				TARGETED_DEVICE_FAMILY = "1,2";
			};
			name = Debug;
		};
		ABAA1A67203633DB005AF451 /* Release */ = {
			isa = XCBuildConfiguration;
			buildSettings = {
				ASSETCATALOG_COMPILER_APPICON_NAME = AppIcon;
				CODE_SIGN_STYLE = Automatic;
				DEVELOPMENT_TEAM = DQCWCUF4A4;
				INFOPLIST_FILE = ErrorHandlerSample/Info.plist;
				LD_RUNPATH_SEARCH_PATHS = "$(inherited) @executable_path/Frameworks";
				PRODUCT_BUNDLE_IDENTIFIER = sztk.sample.ErrorHandlerSample;
				PRODUCT_NAME = "$(TARGET_NAME)";
				SWIFT_VERSION = 4.0;
				TARGETED_DEVICE_FAMILY = "1,2";
			};
			name = Release;
		};
/* End XCBuildConfiguration section */

/* Begin XCConfigurationList section */
		ABAA1A4E203633DB005AF451 /* Build configuration list for PBXProject "ErrorHandlerSample" */ = {
			isa = XCConfigurationList;
			buildConfigurations = (
				ABAA1A63203633DB005AF451 /* Debug */,
				ABAA1A64203633DB005AF451 /* Release */,
			);
			defaultConfigurationIsVisible = 0;
			defaultConfigurationName = Release;
		};
		ABAA1A65203633DB005AF451 /* Build configuration list for PBXNativeTarget "ErrorHandlerSample" */ = {
			isa = XCConfigurationList;
			buildConfigurations = (
				ABAA1A66203633DB005AF451 /* Debug */,
				ABAA1A67203633DB005AF451 /* Release */,
			);
			defaultConfigurationIsVisible = 0;
			defaultConfigurationName = Release;
		};
/* End XCConfigurationList section */
	};
	rootObject = ABAA1A4B203633DB005AF451 /* Project object */;
}
